// !$*UTF8*$!
{
	archiveVersion = 1;
	classes = {
	};
	objectVersion = 46;
	objects = {

/* Begin PBXBuildFile section */
		AE05C90D18D10DC400C60920 /* Foundation.framework in Frameworks */ = {isa = PBXBuildFile; fileRef = AE05C90C18D10DC400C60920 /* Foundation.framework */; };
		AE05C90F18D10DC400C60920 /* CoreGraphics.framework in Frameworks */ = {isa = PBXBuildFile; fileRef = AE05C90E18D10DC400C60920 /* CoreGraphics.framework */; };
		AE05C91118D10DC400C60920 /* UIKit.framework in Frameworks */ = {isa = PBXBuildFile; fileRef = AE05C91018D10DC400C60920 /* UIKit.framework */; };
		AE05C91318D10DC400C60920 /* CoreData.framework in Frameworks */ = {isa = PBXBuildFile; fileRef = AE05C91218D10DC400C60920 /* CoreData.framework */; };
		AE05C91918D10DC400C60920 /* InfoPlist.strings in Resources */ = {isa = PBXBuildFile; fileRef = AE05C91718D10DC400C60920 /* InfoPlist.strings */; };
		AE05C91B18D10DC400C60920 /* main.m in Sources */ = {isa = PBXBuildFile; fileRef = AE05C91A18D10DC400C60920 /* main.m */; };
		AE05C91F18D10DC400C60920 /* KSDAppDelegate.m in Sources */ = {isa = PBXBuildFile; fileRef = AE05C91E18D10DC400C60920 /* KSDAppDelegate.m */; };
		AE05C92218D10DC400C60920 /* Main.storyboard in Resources */ = {isa = PBXBuildFile; fileRef = AE05C92018D10DC400C60920 /* Main.storyboard */; };
		AE05C92518D10DC400C60920 /* KStockData.xcdatamodeld in Sources */ = {isa = PBXBuildFile; fileRef = AE05C92318D10DC400C60920 /* KStockData.xcdatamodeld */; };
		AE05C92818D10DC400C60920 /* KSDMasterViewController.m in Sources */ = {isa = PBXBuildFile; fileRef = AE05C92718D10DC400C60920 /* KSDMasterViewController.m */; };
		AE05C92B18D10DC400C60920 /* KSDDetailViewController.m in Sources */ = {isa = PBXBuildFile; fileRef = AE05C92A18D10DC400C60920 /* KSDDetailViewController.m */; };
		AE05C92D18D10DC400C60920 /* Images.xcassets in Resources */ = {isa = PBXBuildFile; fileRef = AE05C92C18D10DC400C60920 /* Images.xcassets */; };
		AE05C93418D10DC400C60920 /* XCTest.framework in Frameworks */ = {isa = PBXBuildFile; fileRef = AE05C93318D10DC400C60920 /* XCTest.framework */; };
		AE05C93518D10DC400C60920 /* Foundation.framework in Frameworks */ = {isa = PBXBuildFile; fileRef = AE05C90C18D10DC400C60920 /* Foundation.framework */; };
		AE05C93618D10DC400C60920 /* UIKit.framework in Frameworks */ = {isa = PBXBuildFile; fileRef = AE05C91018D10DC400C60920 /* UIKit.framework */; };
		AE05C93718D10DC400C60920 /* CoreData.framework in Frameworks */ = {isa = PBXBuildFile; fileRef = AE05C91218D10DC400C60920 /* CoreData.framework */; };
		AE05C93F18D10DC400C60920 /* InfoPlist.strings in Resources */ = {isa = PBXBuildFile; fileRef = AE05C93D18D10DC400C60920 /* InfoPlist.strings */; };
		AE05C94118D10DC400C60920 /* NSStringKhrCSVTests.m in Sources */ = {isa = PBXBuildFile; fileRef = AE05C94018D10DC400C60920 /* NSStringKhrCSVTests.m */; };
		AE287D7818D2457100F16174 /* KSDAddStockPopoverViewController.m in Sources */ = {isa = PBXBuildFile; fileRef = AE287D7618D2457100F16174 /* KSDAddStockPopoverViewController.m */; };
		AE287D7918D2457100F16174 /* KSDAddStockPopoverViewController.xib in Resources */ = {isa = PBXBuildFile; fileRef = AE287D7718D2457100F16174 /* KSDAddStockPopoverViewController.xib */; };
		AE287D7C18D2659500F16174 /* NSString+NSString_KhrCSV.m in Sources */ = {isa = PBXBuildFile; fileRef = AE287D7B18D2659500F16174 /* NSString+NSString_KhrCSV.m */; };
		AE2EC78018EE112D00C92F3A /* KSDFractalDimensionChartView.m in Sources */ = {isa = PBXBuildFile; fileRef = AE2EC77F18EE112D00C92F3A /* KSDFractalDimensionChartView.m */; };
		AE3055CF18DDBF8600392C23 /* KSDChartData.m in Sources */ = {isa = PBXBuildFile; fileRef = AE3055CE18DDBF8600392C23 /* KSDChartData.m */; };
		AE3055D218DDDAA400392C23 /* NSArray+KhrMinMax.m in Sources */ = {isa = PBXBuildFile; fileRef = AE3055D118DDDAA400392C23 /* NSArray+KhrMinMax.m */; };
		AE3055D418DDDB6B00392C23 /* NSArrayKhrMinMaxTests.m in Sources */ = {isa = PBXBuildFile; fileRef = AE3055D318DDDB6B00392C23 /* NSArrayKhrMinMaxTests.m */; };
		AE307A3818DBB582007A0F00 /* KSDChartsViewController.m in Sources */ = {isa = PBXBuildFile; fileRef = AE307A3718DBB582007A0F00 /* KSDChartsViewController.m */; };
		AE307A4118DCBFD5007A0F00 /* KSDPriceChartsView.m in Sources */ = {isa = PBXBuildFile; fileRef = AE307A4018DCBFD5007A0F00 /* KSDPriceChartsView.m */; };
		AE36C1A518EC411600E2ED27 /* Default-Landscape@2x~ipad.png in Resources */ = {isa = PBXBuildFile; fileRef = AE36C1A418EC411600E2ED27 /* Default-Landscape@2x~ipad.png */; };
		AE37E60C18ED95A100C1B028 /* KSDFractalDimensionMinMaxTests.m in Sources */ = {isa = PBXBuildFile; fileRef = AE37E60B18ED95A100C1B028 /* KSDFractalDimensionMinMaxTests.m */; };
		AE37E60F18ED97F200C1B028 /* KSDFractalDimensionMinMax.m in Sources */ = {isa = PBXBuildFile; fileRef = AE37E60E18ED97F200C1B028 /* KSDFractalDimensionMinMax.m */; };
		AE3D0A0518F821C3008B1B3B /* KSDStockDataRetrieverTests.m in Sources */ = {isa = PBXBuildFile; fileRef = AE3D0A0418F821C3008B1B3B /* KSDStockDataRetrieverTests.m */; };
		AE7A815A18E78B2B00AB9674 /* KSDMacdChartView.m in Sources */ = {isa = PBXBuildFile; fileRef = AE7A815918E78B2B00AB9674 /* KSDMacdChartView.m */; };
		AE9A4B5418E2255F00580338 /* KSDPlotView.m in Sources */ = {isa = PBXBuildFile; fileRef = AE9A4B5318E2255F00580338 /* KSDPlotView.m */; };
		AE9A4B5718E24D8E00580338 /* KSDRsiChartView.m in Sources */ = {isa = PBXBuildFile; fileRef = AE9A4B5618E24D8E00580338 /* KSDRsiChartView.m */; };
		AE9A4B5A18E26CDA00580338 /* KSDRange.c in Sources */ = {isa = PBXBuildFile; fileRef = AE9A4B5918E26CDA00580338 /* KSDRange.c */; };
		AE9A4B5D18E273A800580338 /* KSDRegion.m in Sources */ = {isa = PBXBuildFile; fileRef = AE9A4B5C18E273A800580338 /* KSDRegion.m */; };
		AEAB83F418E9E37B002FA6AB /* KSDChartsAnimationController.m in Sources */ = {isa = PBXBuildFile; fileRef = AEAB83F318E9E37B002FA6AB /* KSDChartsAnimationController.m */; };
		AEB6643718D352BC003D504A /* LEDBDREV.TTF in Resources */ = {isa = PBXBuildFile; fileRef = AEB6643618D3526E003D504A /* LEDBDREV.TTF */; };
		AEB6643918D369EE003D504A /* scoreboard.ttf in Resources */ = {isa = PBXBuildFile; fileRef = AEB6643818D369E1003D504A /* scoreboard.ttf */; };
		AEDE338318E068FB005F1046 /* KSDChartDataTests.m in Sources */ = {isa = PBXBuildFile; fileRef = AEDE338218E068FB005F1046 /* KSDChartDataTests.m */; };
		AEE22F6218E48C5100FF95BA /* KSDIndicatorChartViewController.m in Sources */ = {isa = PBXBuildFile; fileRef = AEE22F6118E48C5100FF95BA /* KSDIndicatorChartViewController.m */; };
		AEE4C02F18DA160D00695BF3 /* KSDStockDataRetriever.m in Sources */ = {isa = PBXBuildFile; fileRef = AEE4C02E18DA160D00695BF3 /* KSDStockDataRetriever.m */; };
		AEE4C03218DA3AD700695BF3 /* KSDSymbolTableViewCell.m in Sources */ = {isa = PBXBuildFile; fileRef = AEE4C03118DA3AD700695BF3 /* KSDSymbolTableViewCell.m */; };
/* End PBXBuildFile section */

/* Begin PBXContainerItemProxy section */
		AE05C93818D10DC400C60920 /* PBXContainerItemProxy */ = {
			isa = PBXContainerItemProxy;
			containerPortal = AE05C90118D10DC400C60920 /* Project object */;
			proxyType = 1;
			remoteGlobalIDString = AE05C90818D10DC400C60920;
			remoteInfo = KStockData;
		};
/* End PBXContainerItemProxy section */

/* Begin PBXFileReference section */
		AE05C90918D10DC400C60920 /* KStockData.app */ = {isa = PBXFileReference; explicitFileType = wrapper.application; includeInIndex = 0; path = KStockData.app; sourceTree = BUILT_PRODUCTS_DIR; };
		AE05C90C18D10DC400C60920 /* Foundation.framework */ = {isa = PBXFileReference; lastKnownFileType = wrapper.framework; name = Foundation.framework; path = System/Library/Frameworks/Foundation.framework; sourceTree = SDKROOT; };
		AE05C90E18D10DC400C60920 /* CoreGraphics.framework */ = {isa = PBXFileReference; lastKnownFileType = wrapper.framework; name = CoreGraphics.framework; path = System/Library/Frameworks/CoreGraphics.framework; sourceTree = SDKROOT; };
		AE05C91018D10DC400C60920 /* UIKit.framework */ = {isa = PBXFileReference; lastKnownFileType = wrapper.framework; name = UIKit.framework; path = System/Library/Frameworks/UIKit.framework; sourceTree = SDKROOT; };
		AE05C91218D10DC400C60920 /* CoreData.framework */ = {isa = PBXFileReference; lastKnownFileType = wrapper.framework; name = CoreData.framework; path = System/Library/Frameworks/CoreData.framework; sourceTree = SDKROOT; };
		AE05C91618D10DC400C60920 /* KStockData-Info.plist */ = {isa = PBXFileReference; lastKnownFileType = text.plist.xml; path = "KStockData-Info.plist"; sourceTree = "<group>"; };
		AE05C91818D10DC400C60920 /* en */ = {isa = PBXFileReference; lastKnownFileType = text.plist.strings; name = en; path = en.lproj/InfoPlist.strings; sourceTree = "<group>"; };
		AE05C91A18D10DC400C60920 /* main.m */ = {isa = PBXFileReference; lastKnownFileType = sourcecode.c.objc; path = main.m; sourceTree = "<group>"; };
		AE05C91C18D10DC400C60920 /* KStockData-Prefix.pch */ = {isa = PBXFileReference; lastKnownFileType = sourcecode.c.h; path = "KStockData-Prefix.pch"; sourceTree = "<group>"; };
		AE05C91D18D10DC400C60920 /* KSDAppDelegate.h */ = {isa = PBXFileReference; lastKnownFileType = sourcecode.c.h; path = KSDAppDelegate.h; sourceTree = "<group>"; };
		AE05C91E18D10DC400C60920 /* KSDAppDelegate.m */ = {isa = PBXFileReference; lastKnownFileType = sourcecode.c.objc; path = KSDAppDelegate.m; sourceTree = "<group>"; };
		AE05C92118D10DC400C60920 /* Base */ = {isa = PBXFileReference; lastKnownFileType = file.storyboard; name = Base; path = Base.lproj/Main.storyboard; sourceTree = "<group>"; };
		AE05C92418D10DC400C60920 /* KStockData.xcdatamodel */ = {isa = PBXFileReference; lastKnownFileType = wrapper.xcdatamodel; path = KStockData.xcdatamodel; sourceTree = "<group>"; };
		AE05C92618D10DC400C60920 /* KSDMasterViewController.h */ = {isa = PBXFileReference; lastKnownFileType = sourcecode.c.h; path = KSDMasterViewController.h; sourceTree = "<group>"; };
		AE05C92718D10DC400C60920 /* KSDMasterViewController.m */ = {isa = PBXFileReference; lastKnownFileType = sourcecode.c.objc; path = KSDMasterViewController.m; sourceTree = "<group>"; };
		AE05C92918D10DC400C60920 /* KSDDetailViewController.h */ = {isa = PBXFileReference; lastKnownFileType = sourcecode.c.h; path = KSDDetailViewController.h; sourceTree = "<group>"; };
		AE05C92A18D10DC400C60920 /* KSDDetailViewController.m */ = {isa = PBXFileReference; lastKnownFileType = sourcecode.c.objc; path = KSDDetailViewController.m; sourceTree = "<group>"; };
		AE05C92C18D10DC400C60920 /* Images.xcassets */ = {isa = PBXFileReference; lastKnownFileType = folder.assetcatalog; path = Images.xcassets; sourceTree = "<group>"; };
		AE05C93218D10DC400C60920 /* KStockDataTests.xctest */ = {isa = PBXFileReference; explicitFileType = wrapper.cfbundle; includeInIndex = 0; path = KStockDataTests.xctest; sourceTree = BUILT_PRODUCTS_DIR; };
		AE05C93318D10DC400C60920 /* XCTest.framework */ = {isa = PBXFileReference; lastKnownFileType = wrapper.framework; name = XCTest.framework; path = Library/Frameworks/XCTest.framework; sourceTree = DEVELOPER_DIR; };
		AE05C93C18D10DC400C60920 /* KStockDataTests-Info.plist */ = {isa = PBXFileReference; lastKnownFileType = text.plist.xml; path = "KStockDataTests-Info.plist"; sourceTree = "<group>"; };
		AE05C93E18D10DC400C60920 /* en */ = {isa = PBXFileReference; lastKnownFileType = text.plist.strings; name = en; path = en.lproj/InfoPlist.strings; sourceTree = "<group>"; };
		AE05C94018D10DC400C60920 /* NSStringKhrCSVTests.m */ = {isa = PBXFileReference; lastKnownFileType = sourcecode.c.objc; path = NSStringKhrCSVTests.m; sourceTree = "<group>"; };
		AE287D7518D2457100F16174 /* KSDAddStockPopoverViewController.h */ = {isa = PBXFileReference; fileEncoding = 4; lastKnownFileType = sourcecode.c.h; name = KSDAddStockPopoverViewController.h; path = ../KSDAddStockPopoverViewController.h; sourceTree = "<group>"; };
		AE287D7618D2457100F16174 /* KSDAddStockPopoverViewController.m */ = {isa = PBXFileReference; fileEncoding = 4; lastKnownFileType = sourcecode.c.objc; name = KSDAddStockPopoverViewController.m; path = ../KSDAddStockPopoverViewController.m; sourceTree = "<group>"; };
		AE287D7718D2457100F16174 /* KSDAddStockPopoverViewController.xib */ = {isa = PBXFileReference; fileEncoding = 4; lastKnownFileType = file.xib; name = KSDAddStockPopoverViewController.xib; path = ../KSDAddStockPopoverViewController.xib; sourceTree = "<group>"; };
		AE287D7A18D2659500F16174 /* NSString+NSString_KhrCSV.h */ = {isa = PBXFileReference; fileEncoding = 4; lastKnownFileType = sourcecode.c.h; path = "NSString+NSString_KhrCSV.h"; sourceTree = "<group>"; };
		AE287D7B18D2659500F16174 /* NSString+NSString_KhrCSV.m */ = {isa = PBXFileReference; fileEncoding = 4; lastKnownFileType = sourcecode.c.objc; path = "NSString+NSString_KhrCSV.m"; sourceTree = "<group>"; };
		AE2EC77E18EE112D00C92F3A /* KSDFractalDimensionChartView.h */ = {isa = PBXFileReference; fileEncoding = 4; lastKnownFileType = sourcecode.c.h; path = KSDFractalDimensionChartView.h; sourceTree = "<group>"; };
		AE2EC77F18EE112D00C92F3A /* KSDFractalDimensionChartView.m */ = {isa = PBXFileReference; fileEncoding = 4; lastKnownFileType = sourcecode.c.objc; path = KSDFractalDimensionChartView.m; sourceTree = "<group>"; };
		AE3055CD18DDBF8600392C23 /* KSDChartData.h */ = {isa = PBXFileReference; fileEncoding = 4; lastKnownFileType = sourcecode.c.h; path = KSDChartData.h; sourceTree = "<group>"; };
		AE3055CE18DDBF8600392C23 /* KSDChartData.m */ = {isa = PBXFileReference; fileEncoding = 4; lastKnownFileType = sourcecode.c.objc; path = KSDChartData.m; sourceTree = "<group>"; };
		AE3055D018DDDAA400392C23 /* NSArray+KhrMinMax.h */ = {isa = PBXFileReference; fileEncoding = 4; lastKnownFileType = sourcecode.c.h; path = "NSArray+KhrMinMax.h"; sourceTree = "<group>"; };
		AE3055D118DDDAA400392C23 /* NSArray+KhrMinMax.m */ = {isa = PBXFileReference; fileEncoding = 4; lastKnownFileType = sourcecode.c.objc; path = "NSArray+KhrMinMax.m"; sourceTree = "<group>"; };
		AE3055D318DDDB6B00392C23 /* NSArrayKhrMinMaxTests.m */ = {isa = PBXFileReference; fileEncoding = 4; lastKnownFileType = sourcecode.c.objc; path = NSArrayKhrMinMaxTests.m; sourceTree = "<group>"; };
		AE3055D518DE457200392C23 /* Externals.h */ = {isa = PBXFileReference; lastKnownFileType = sourcecode.c.h; path = Externals.h; sourceTree = "<group>"; };
		AE307A3618DBB582007A0F00 /* KSDChartsViewController.h */ = {isa = PBXFileReference; fileEncoding = 4; lastKnownFileType = sourcecode.c.h; path = KSDChartsViewController.h; sourceTree = "<group>"; };
		AE307A3718DBB582007A0F00 /* KSDChartsViewController.m */ = {isa = PBXFileReference; fileEncoding = 4; lastKnownFileType = sourcecode.c.objc; path = KSDChartsViewController.m; sourceTree = "<group>"; };
		AE307A3F18DCBFD5007A0F00 /* KSDPriceChartsView.h */ = {isa = PBXFileReference; fileEncoding = 4; lastKnownFileType = sourcecode.c.h; path = KSDPriceChartsView.h; sourceTree = "<group>"; };
		AE307A4018DCBFD5007A0F00 /* KSDPriceChartsView.m */ = {isa = PBXFileReference; fileEncoding = 4; lastKnownFileType = sourcecode.c.objc; path = KSDPriceChartsView.m; sourceTree = "<group>"; };
		AE36C1A418EC411600E2ED27 /* Default-Landscape@2x~ipad.png */ = {isa = PBXFileReference; lastKnownFileType = image.png; path = "Default-Landscape@2x~ipad.png"; sourceTree = SOURCE_ROOT; };
		AE37E60B18ED95A100C1B028 /* KSDFractalDimensionMinMaxTests.m */ = {isa = PBXFileReference; fileEncoding = 4; lastKnownFileType = sourcecode.c.objc; path = KSDFractalDimensionMinMaxTests.m; sourceTree = "<group>"; };
		AE37E60D18ED97F200C1B028 /* KSDFractalDimensionMinMax.h */ = {isa = PBXFileReference; fileEncoding = 4; lastKnownFileType = sourcecode.c.h; path = KSDFractalDimensionMinMax.h; sourceTree = "<group>"; };
		AE37E60E18ED97F200C1B028 /* KSDFractalDimensionMinMax.m */ = {isa = PBXFileReference; fileEncoding = 4; lastKnownFileType = sourcecode.c.objc; path = KSDFractalDimensionMinMax.m; sourceTree = "<group>"; };
		AE3D0A0418F821C3008B1B3B /* KSDStockDataRetrieverTests.m */ = {isa = PBXFileReference; fileEncoding = 4; lastKnownFileType = sourcecode.c.objc; path = KSDStockDataRetrieverTests.m; sourceTree = "<group>"; };
		AE7A815818E78B2B00AB9674 /* KSDMacdChartView.h */ = {isa = PBXFileReference; fileEncoding = 4; lastKnownFileType = sourcecode.c.h; path = KSDMacdChartView.h; sourceTree = "<group>"; };
		AE7A815918E78B2B00AB9674 /* KSDMacdChartView.m */ = {isa = PBXFileReference; fileEncoding = 4; lastKnownFileType = sourcecode.c.objc; path = KSDMacdChartView.m; sourceTree = "<group>"; };
		AE9A4B5218E2255F00580338 /* KSDPlotView.h */ = {isa = PBXFileReference; fileEncoding = 4; lastKnownFileType = sourcecode.c.h; path = KSDPlotView.h; sourceTree = "<group>"; };
		AE9A4B5318E2255F00580338 /* KSDPlotView.m */ = {isa = PBXFileReference; fileEncoding = 4; lastKnownFileType = sourcecode.c.objc; path = KSDPlotView.m; sourceTree = "<group>"; };
		AE9A4B5518E24D8E00580338 /* KSDRsiChartView.h */ = {isa = PBXFileReference; fileEncoding = 4; lastKnownFileType = sourcecode.c.h; path = KSDRsiChartView.h; sourceTree = "<group>"; };
		AE9A4B5618E24D8E00580338 /* KSDRsiChartView.m */ = {isa = PBXFileReference; fileEncoding = 4; lastKnownFileType = sourcecode.c.objc; path = KSDRsiChartView.m; sourceTree = "<group>"; };
		AE9A4B5818E26B7D00580338 /* KSDRange.h */ = {isa = PBXFileReference; lastKnownFileType = sourcecode.c.h; path = KSDRange.h; sourceTree = "<group>"; };
		AE9A4B5918E26CDA00580338 /* KSDRange.c */ = {isa = PBXFileReference; fileEncoding = 4; lastKnownFileType = sourcecode.c.c; path = KSDRange.c; sourceTree = "<group>"; };
		AE9A4B5B18E273A800580338 /* KSDRegion.h */ = {isa = PBXFileReference; fileEncoding = 4; lastKnownFileType = sourcecode.c.h; path = KSDRegion.h; sourceTree = "<group>"; };
		AE9A4B5C18E273A800580338 /* KSDRegion.m */ = {isa = PBXFileReference; fileEncoding = 4; lastKnownFileType = sourcecode.c.objc; path = KSDRegion.m; sourceTree = "<group>"; };
		AEAB83F218E9E37B002FA6AB /* KSDChartsAnimationController.h */ = {isa = PBXFileReference; fileEncoding = 4; lastKnownFileType = sourcecode.c.h; path = KSDChartsAnimationController.h; sourceTree = "<group>"; };
		AEAB83F318E9E37B002FA6AB /* KSDChartsAnimationController.m */ = {isa = PBXFileReference; fileEncoding = 4; lastKnownFileType = sourcecode.c.objc; path = KSDChartsAnimationController.m; sourceTree = "<group>"; };
		AEB6643618D3526E003D504A /* LEDBDREV.TTF */ = {isa = PBXFileReference; lastKnownFileType = file; path = LEDBDREV.TTF; sourceTree = "<group>"; };
		AEB6643818D369E1003D504A /* scoreboard.ttf */ = {isa = PBXFileReference; lastKnownFileType = file; path = scoreboard.ttf; sourceTree = "<group>"; };
		AEDE338218E068FB005F1046 /* KSDChartDataTests.m */ = {isa = PBXFileReference; fileEncoding = 4; lastKnownFileType = sourcecode.c.objc; path = KSDChartDataTests.m; sourceTree = "<group>"; };
		AEE22F6018E48C5100FF95BA /* KSDIndicatorChartViewController.h */ = {isa = PBXFileReference; fileEncoding = 4; lastKnownFileType = sourcecode.c.h; path = KSDIndicatorChartViewController.h; sourceTree = "<group>"; };
		AEE22F6118E48C5100FF95BA /* KSDIndicatorChartViewController.m */ = {isa = PBXFileReference; fileEncoding = 4; lastKnownFileType = sourcecode.c.objc; path = KSDIndicatorChartViewController.m; sourceTree = "<group>"; };
		AEE4C02D18DA160D00695BF3 /* KSDStockDataRetriever.h */ = {isa = PBXFileReference; fileEncoding = 4; lastKnownFileType = sourcecode.c.h; path = KSDStockDataRetriever.h; sourceTree = "<group>"; };
		AEE4C02E18DA160D00695BF3 /* KSDStockDataRetriever.m */ = {isa = PBXFileReference; fileEncoding = 4; lastKnownFileType = sourcecode.c.objc; path = KSDStockDataRetriever.m; sourceTree = "<group>"; };
		AEE4C03018DA3AD700695BF3 /* KSDSymbolTableViewCell.h */ = {isa = PBXFileReference; fileEncoding = 4; lastKnownFileType = sourcecode.c.h; path = KSDSymbolTableViewCell.h; sourceTree = "<group>"; };
		AEE4C03118DA3AD700695BF3 /* KSDSymbolTableViewCell.m */ = {isa = PBXFileReference; fileEncoding = 4; lastKnownFileType = sourcecode.c.objc; path = KSDSymbolTableViewCell.m; sourceTree = "<group>"; };
/* End PBXFileReference section */

/* Begin PBXFrameworksBuildPhase section */
		AE05C90618D10DC400C60920 /* Frameworks */ = {
			isa = PBXFrameworksBuildPhase;
			buildActionMask = 2147483647;
			files = (
				AE05C90F18D10DC400C60920 /* CoreGraphics.framework in Frameworks */,
				AE05C91318D10DC400C60920 /* CoreData.framework in Frameworks */,
				AE05C91118D10DC400C60920 /* UIKit.framework in Frameworks */,
				AE05C90D18D10DC400C60920 /* Foundation.framework in Frameworks */,
			);
			runOnlyForDeploymentPostprocessing = 0;
		};
		AE05C92F18D10DC400C60920 /* Frameworks */ = {
			isa = PBXFrameworksBuildPhase;
			buildActionMask = 2147483647;
			files = (
				AE05C93418D10DC400C60920 /* XCTest.framework in Frameworks */,
				AE05C93718D10DC400C60920 /* CoreData.framework in Frameworks */,
				AE05C93618D10DC400C60920 /* UIKit.framework in Frameworks */,
				AE05C93518D10DC400C60920 /* Foundation.framework in Frameworks */,
			);
			runOnlyForDeploymentPostprocessing = 0;
		};
/* End PBXFrameworksBuildPhase section */

/* Begin PBXGroup section */
		AE05C90018D10DC400C60920 = {
			isa = PBXGroup;
			children = (
				AE05C91418D10DC400C60920 /* KStockData */,
				AE05C93A18D10DC400C60920 /* KStockDataTests */,
				AE05C90B18D10DC400C60920 /* Frameworks */,
				AE05C90A18D10DC400C60920 /* Products */,
			);
			sourceTree = "<group>";
		};
		AE05C90A18D10DC400C60920 /* Products */ = {
			isa = PBXGroup;
			children = (
				AE05C90918D10DC400C60920 /* KStockData.app */,
				AE05C93218D10DC400C60920 /* KStockDataTests.xctest */,
			);
			name = Products;
			sourceTree = "<group>";
		};
		AE05C90B18D10DC400C60920 /* Frameworks */ = {
			isa = PBXGroup;
			children = (
				AE05C90C18D10DC400C60920 /* Foundation.framework */,
				AE05C90E18D10DC400C60920 /* CoreGraphics.framework */,
				AE05C91018D10DC400C60920 /* UIKit.framework */,
				AE05C91218D10DC400C60920 /* CoreData.framework */,
				AE05C93318D10DC400C60920 /* XCTest.framework */,
			);
			name = Frameworks;
			sourceTree = "<group>";
		};
		AE05C91418D10DC400C60920 /* KStockData */ = {
			isa = PBXGroup;
			children = (
				AE3055CC18DDBEDA00392C23 /* Categories */,
				AE3055CB18DDBEBC00392C23 /* Charts */,
				AEE4C02C18DA15BA00695BF3 /* WebService */,
				AE287D7D18D3473600F16174 /* Resources */,
				AE287D7518D2457100F16174 /* KSDAddStockPopoverViewController.h */,
				AE287D7618D2457100F16174 /* KSDAddStockPopoverViewController.m */,
				AE287D7718D2457100F16174 /* KSDAddStockPopoverViewController.xib */,
				AE05C91D18D10DC400C60920 /* KSDAppDelegate.h */,
				AE05C91E18D10DC400C60920 /* KSDAppDelegate.m */,
				AE05C92018D10DC400C60920 /* Main.storyboard */,
				AE05C92618D10DC400C60920 /* KSDMasterViewController.h */,
				AE05C92718D10DC400C60920 /* KSDMasterViewController.m */,
				AE05C92918D10DC400C60920 /* KSDDetailViewController.h */,
				AE05C92A18D10DC400C60920 /* KSDDetailViewController.m */,
				AE05C92C18D10DC400C60920 /* Images.xcassets */,
				AE05C92318D10DC400C60920 /* KStockData.xcdatamodeld */,
				AE05C91518D10DC400C60920 /* Supporting Files */,
				AEE4C03018DA3AD700695BF3 /* KSDSymbolTableViewCell.h */,
				AEE4C03118DA3AD700695BF3 /* KSDSymbolTableViewCell.m */,
				AE3055D518DE457200392C23 /* Externals.h */,
			);
			path = KStockData;
			sourceTree = "<group>";
		};
		AE05C91518D10DC400C60920 /* Supporting Files */ = {
			isa = PBXGroup;
			children = (
				AE05C91618D10DC400C60920 /* KStockData-Info.plist */,
				AE05C91718D10DC400C60920 /* InfoPlist.strings */,
				AE05C91A18D10DC400C60920 /* main.m */,
				AE05C91C18D10DC400C60920 /* KStockData-Prefix.pch */,
			);
			name = "Supporting Files";
			sourceTree = "<group>";
		};
		AE05C93A18D10DC400C60920 /* KStockDataTests */ = {
			isa = PBXGroup;
			children = (
				AE05C93B18D10DC400C60920 /* Supporting Files */,
				AE05C94018D10DC400C60920 /* NSStringKhrCSVTests.m */,
				AE3055D318DDDB6B00392C23 /* NSArrayKhrMinMaxTests.m */,
				AEDE338218E068FB005F1046 /* KSDChartDataTests.m */,
				AE37E60B18ED95A100C1B028 /* KSDFractalDimensionMinMaxTests.m */,
				AE3D0A0418F821C3008B1B3B /* KSDStockDataRetrieverTests.m */,
			);
			path = KStockDataTests;
			sourceTree = "<group>";
		};
		AE05C93B18D10DC400C60920 /* Supporting Files */ = {
			isa = PBXGroup;
			children = (
				AE05C93C18D10DC400C60920 /* KStockDataTests-Info.plist */,
				AE05C93D18D10DC400C60920 /* InfoPlist.strings */,
			);
			name = "Supporting Files";
			sourceTree = "<group>";
		};
		AE287D7D18D3473600F16174 /* Resources */ = {
			isa = PBXGroup;
			children = (
				AE36C1A418EC411600E2ED27 /* Default-Landscape@2x~ipad.png */,
				AEB6643818D369E1003D504A /* scoreboard.ttf */,
				AEB6643618D3526E003D504A /* LEDBDREV.TTF */,
			);
			name = Resources;
			sourceTree = "<group>";
		};
		AE3055CB18DDBEBC00392C23 /* Charts */ = {
			isa = PBXGroup;
			children = (
				AE307A3618DBB582007A0F00 /* KSDChartsViewController.h */,
				AE307A3718DBB582007A0F00 /* KSDChartsViewController.m */,
				AE307A3F18DCBFD5007A0F00 /* KSDPriceChartsView.h */,
				AE307A4018DCBFD5007A0F00 /* KSDPriceChartsView.m */,
				AE3055CD18DDBF8600392C23 /* KSDChartData.h */,
				AE3055CE18DDBF8600392C23 /* KSDChartData.m */,
				AE9A4B5218E2255F00580338 /* KSDPlotView.h */,
				AE9A4B5318E2255F00580338 /* KSDPlotView.m */,
				AE9A4B5518E24D8E00580338 /* KSDRsiChartView.h */,
				AE9A4B5618E24D8E00580338 /* KSDRsiChartView.m */,
				AE9A4B5818E26B7D00580338 /* KSDRange.h */,
				AE9A4B5918E26CDA00580338 /* KSDRange.c */,
				AE9A4B5B18E273A800580338 /* KSDRegion.h */,
				AE9A4B5C18E273A800580338 /* KSDRegion.m */,
				AEE22F6018E48C5100FF95BA /* KSDIndicatorChartViewController.h */,
				AEE22F6118E48C5100FF95BA /* KSDIndicatorChartViewController.m */,
				AE7A815818E78B2B00AB9674 /* KSDMacdChartView.h */,
				AE7A815918E78B2B00AB9674 /* KSDMacdChartView.m */,
				AEAB83F218E9E37B002FA6AB /* KSDChartsAnimationController.h */,
				AEAB83F318E9E37B002FA6AB /* KSDChartsAnimationController.m */,
				AE37E60D18ED97F200C1B028 /* KSDFractalDimensionMinMax.h */,
				AE37E60E18ED97F200C1B028 /* KSDFractalDimensionMinMax.m */,
				AE2EC77E18EE112D00C92F3A /* KSDFractalDimensionChartView.h */,
				AE2EC77F18EE112D00C92F3A /* KSDFractalDimensionChartView.m */,
			);
			name = Charts;
			sourceTree = "<group>";
		};
		AE3055CC18DDBEDA00392C23 /* Categories */ = {
			isa = PBXGroup;
			children = (
				AE287D7A18D2659500F16174 /* NSString+NSString_KhrCSV.h */,
				AE287D7B18D2659500F16174 /* NSString+NSString_KhrCSV.m */,
				AE3055D018DDDAA400392C23 /* NSArray+KhrMinMax.h */,
				AE3055D118DDDAA400392C23 /* NSArray+KhrMinMax.m */,
			);
			name = Categories;
			sourceTree = "<group>";
		};
		AEE4C02C18DA15BA00695BF3 /* WebService */ = {
			isa = PBXGroup;
			children = (
				AEE4C02D18DA160D00695BF3 /* KSDStockDataRetriever.h */,
				AEE4C02E18DA160D00695BF3 /* KSDStockDataRetriever.m */,
			);
			name = WebService;
			sourceTree = "<group>";
		};
/* End PBXGroup section */

/* Begin PBXNativeTarget section */
		AE05C90818D10DC400C60920 /* KStockData */ = {
			isa = PBXNativeTarget;
			buildConfigurationList = AE05C94418D10DC400C60920 /* Build configuration list for PBXNativeTarget "KStockData" */;
			buildPhases = (
				AE05C90518D10DC400C60920 /* Sources */,
				AE05C90618D10DC400C60920 /* Frameworks */,
				AE05C90718D10DC400C60920 /* Resources */,
			);
			buildRules = (
			);
			dependencies = (
			);
			name = KStockData;
			productName = KStockData;
			productReference = AE05C90918D10DC400C60920 /* KStockData.app */;
			productType = "com.apple.product-type.application";
		};
		AE05C93118D10DC400C60920 /* KStockDataTests */ = {
			isa = PBXNativeTarget;
			buildConfigurationList = AE05C94718D10DC400C60920 /* Build configuration list for PBXNativeTarget "KStockDataTests" */;
			buildPhases = (
				AE05C92E18D10DC400C60920 /* Sources */,
				AE05C92F18D10DC400C60920 /* Frameworks */,
				AE05C93018D10DC400C60920 /* Resources */,
			);
			buildRules = (
			);
			dependencies = (
				AE05C93918D10DC400C60920 /* PBXTargetDependency */,
			);
			name = KStockDataTests;
			productName = KStockDataTests;
			productReference = AE05C93218D10DC400C60920 /* KStockDataTests.xctest */;
			productType = "com.apple.product-type.bundle.unit-test";
		};
/* End PBXNativeTarget section */

/* Begin PBXProject section */
		AE05C90118D10DC400C60920 /* Project object */ = {
			isa = PBXProject;
			attributes = {
				CLASSPREFIX = KSD;
				LastUpgradeCheck = 0510;
				ORGANIZATIONNAME = khr;
				TargetAttributes = {
					AE05C93118D10DC400C60920 = {
						TestTargetID = AE05C90818D10DC400C60920;
					};
				};
			};
			buildConfigurationList = AE05C90418D10DC400C60920 /* Build configuration list for PBXProject "KStockData" */;
			compatibilityVersion = "Xcode 3.2";
			developmentRegion = English;
			hasScannedForEncodings = 0;
			knownRegions = (
				en,
				Base,
			);
			mainGroup = AE05C90018D10DC400C60920;
			productRefGroup = AE05C90A18D10DC400C60920 /* Products */;
			projectDirPath = "";
			projectRoot = "";
			targets = (
				AE05C90818D10DC400C60920 /* KStockData */,
				AE05C93118D10DC400C60920 /* KStockDataTests */,
			);
		};
/* End PBXProject section */

/* Begin PBXResourcesBuildPhase section */
		AE05C90718D10DC400C60920 /* Resources */ = {
			isa = PBXResourcesBuildPhase;
			buildActionMask = 2147483647;
			files = (
				AEB6643918D369EE003D504A /* scoreboard.ttf in Resources */,
				AEB6643718D352BC003D504A /* LEDBDREV.TTF in Resources */,
				AE05C92D18D10DC400C60920 /* Images.xcassets in Resources */,
				AE36C1A518EC411600E2ED27 /* Default-Landscape@2x~ipad.png in Resources */,
				AE05C91918D10DC400C60920 /* InfoPlist.strings in Resources */,
				AE287D7918D2457100F16174 /* KSDAddStockPopoverViewController.xib in Resources */,
				AE05C92218D10DC400C60920 /* Main.storyboard in Resources */,
			);
			runOnlyForDeploymentPostprocessing = 0;
		};
		AE05C93018D10DC400C60920 /* Resources */ = {
			isa = PBXResourcesBuildPhase;
			buildActionMask = 2147483647;
			files = (
				AE05C93F18D10DC400C60920 /* InfoPlist.strings in Resources */,
			);
			runOnlyForDeploymentPostprocessing = 0;
		};
/* End PBXResourcesBuildPhase section */

/* Begin PBXSourcesBuildPhase section */
		AE05C90518D10DC400C60920 /* Sources */ = {
			isa = PBXSourcesBuildPhase;
			buildActionMask = 2147483647;
			files = (
				AE307A3818DBB582007A0F00 /* KSDChartsViewController.m in Sources */,
				AE05C92518D10DC400C60920 /* KStockData.xcdatamodeld in Sources */,
				AE9A4B5418E2255F00580338 /* KSDPlotView.m in Sources */,
				AE37E60F18ED97F200C1B028 /* KSDFractalDimensionMinMax.m in Sources */,
				AE307A4118DCBFD5007A0F00 /* KSDPriceChartsView.m in Sources */,
				AEAB83F418E9E37B002FA6AB /* KSDChartsAnimationController.m in Sources */,
				AE3055CF18DDBF8600392C23 /* KSDChartData.m in Sources */,
				AE05C92818D10DC400C60920 /* KSDMasterViewController.m in Sources */,
				AEE4C02F18DA160D00695BF3 /* KSDStockDataRetriever.m in Sources */,
				AE287D7818D2457100F16174 /* KSDAddStockPopoverViewController.m in Sources */,
				AEE22F6218E48C5100FF95BA /* KSDIndicatorChartViewController.m in Sources */,
				AE3055D218DDDAA400392C23 /* NSArray+KhrMinMax.m in Sources */,
				AE05C91B18D10DC400C60920 /* main.m in Sources */,
				AE9A4B5A18E26CDA00580338 /* KSDRange.c in Sources */,
				AE05C92B18D10DC400C60920 /* KSDDetailViewController.m in Sources */,
				AE9A4B5718E24D8E00580338 /* KSDRsiChartView.m in Sources */,
				AE7A815A18E78B2B00AB9674 /* KSDMacdChartView.m in Sources */,
				AE287D7C18D2659500F16174 /* NSString+NSString_KhrCSV.m in Sources */,
				AE05C91F18D10DC400C60920 /* KSDAppDelegate.m in Sources */,
				AE9A4B5D18E273A800580338 /* KSDRegion.m in Sources */,
				AEE4C03218DA3AD700695BF3 /* KSDSymbolTableViewCell.m in Sources */,
				AE2EC78018EE112D00C92F3A /* KSDFractalDimensionChartView.m in Sources */,
			);
			runOnlyForDeploymentPostprocessing = 0;
		};
		AE05C92E18D10DC400C60920 /* Sources */ = {
			isa = PBXSourcesBuildPhase;
			buildActionMask = 2147483647;
			files = (
				AEDE338318E068FB005F1046 /* KSDChartDataTests.m in Sources */,
				AE37E60C18ED95A100C1B028 /* KSDFractalDimensionMinMaxTests.m in Sources */,
				AE3055D418DDDB6B00392C23 /* NSArrayKhrMinMaxTests.m in Sources */,
				AE3D0A0518F821C3008B1B3B /* KSDStockDataRetrieverTests.m in Sources */,
				AE05C94118D10DC400C60920 /* NSStringKhrCSVTests.m in Sources */,
			);
			runOnlyForDeploymentPostprocessing = 0;
		};
/* End PBXSourcesBuildPhase section */

/* Begin PBXTargetDependency section */
		AE05C93918D10DC400C60920 /* PBXTargetDependency */ = {
			isa = PBXTargetDependency;
			target = AE05C90818D10DC400C60920 /* KStockData */;
			targetProxy = AE05C93818D10DC400C60920 /* PBXContainerItemProxy */;
		};
/* End PBXTargetDependency section */

/* Begin PBXVariantGroup section */
		AE05C91718D10DC400C60920 /* InfoPlist.strings */ = {
			isa = PBXVariantGroup;
			children = (
				AE05C91818D10DC400C60920 /* en */,
			);
			name = InfoPlist.strings;
			sourceTree = "<group>";
		};
		AE05C92018D10DC400C60920 /* Main.storyboard */ = {
			isa = PBXVariantGroup;
			children = (
				AE05C92118D10DC400C60920 /* Base */,
			);
			name = Main.storyboard;
			sourceTree = "<group>";
		};
		AE05C93D18D10DC400C60920 /* InfoPlist.strings */ = {
			isa = PBXVariantGroup;
			children = (
				AE05C93E18D10DC400C60920 /* en */,
			);
			name = InfoPlist.strings;
			sourceTree = "<group>";
		};
/* End PBXVariantGroup section */

/* Begin XCBuildConfiguration section */
		AE05C94218D10DC400C60920 /* Debug */ = {
			isa = XCBuildConfiguration;
			buildSettings = {
				ALWAYS_SEARCH_USER_PATHS = NO;
				CLANG_CXX_LANGUAGE_STANDARD = "gnu++0x";
				CLANG_CXX_LIBRARY = "libc++";
				CLANG_ENABLE_MODULES = YES;
				CLANG_ENABLE_OBJC_ARC = YES;
				CLANG_WARN_BOOL_CONVERSION = YES;
				CLANG_WARN_CONSTANT_CONVERSION = YES;
				CLANG_WARN_DIRECT_OBJC_ISA_USAGE = YES_ERROR;
				CLANG_WARN_EMPTY_BODY = YES;
				CLANG_WARN_ENUM_CONVERSION = YES;
				CLANG_WARN_INT_CONVERSION = YES;
				CLANG_WARN_OBJC_ROOT_CLASS = YES_ERROR;
				CLANG_WARN__DUPLICATE_METHOD_MATCH = YES;
				"CODE_SIGN_IDENTITY[sdk=iphoneos*]" = "iPhone Developer";
				COPY_PHASE_STRIP = NO;
				GCC_C_LANGUAGE_STANDARD = gnu99;
				GCC_DYNAMIC_NO_PIC = NO;
				GCC_OPTIMIZATION_LEVEL = 0;
				GCC_PREPROCESSOR_DEFINITIONS = (
					"DEBUG=1",
					"$(inherited)",
				);
				GCC_SYMBOLS_PRIVATE_EXTERN = NO;
				GCC_WARN_64_TO_32_BIT_CONVERSION = YES;
				GCC_WARN_ABOUT_RETURN_TYPE = YES_ERROR;
				GCC_WARN_UNDECLARED_SELECTOR = YES;
				GCC_WARN_UNINITIALIZED_AUTOS = YES_AGGRESSIVE;
				GCC_WARN_UNUSED_FUNCTION = YES;
				GCC_WARN_UNUSED_VARIABLE = YES;
				IPHONEOS_DEPLOYMENT_TARGET = 7.1;
				ONLY_ACTIVE_ARCH = YES;
				SDKROOT = iphoneos;
				TARGETED_DEVICE_FAMILY = 2;
			};
			name = Debug;
		};
		AE05C94318D10DC400C60920 /* Release */ = {
			isa = XCBuildConfiguration;
			buildSettings = {
				ALWAYS_SEARCH_USER_PATHS = NO;
				CLANG_CXX_LANGUAGE_STANDARD = "gnu++0x";
				CLANG_CXX_LIBRARY = "libc++";
				CLANG_ENABLE_MODULES = YES;
				CLANG_ENABLE_OBJC_ARC = YES;
				CLANG_WARN_BOOL_CONVERSION = YES;
				CLANG_WARN_CONSTANT_CONVERSION = YES;
				CLANG_WARN_DIRECT_OBJC_ISA_USAGE = YES_ERROR;
				CLANG_WARN_EMPTY_BODY = YES;
				CLANG_WARN_ENUM_CONVERSION = YES;
				CLANG_WARN_INT_CONVERSION = YES;
				CLANG_WARN_OBJC_ROOT_CLASS = YES_ERROR;
				CLANG_WARN__DUPLICATE_METHOD_MATCH = YES;
				"CODE_SIGN_IDENTITY[sdk=iphoneos*]" = "iPhone Developer";
				COPY_PHASE_STRIP = YES;
				ENABLE_NS_ASSERTIONS = NO;
				GCC_C_LANGUAGE_STANDARD = gnu99;
				GCC_WARN_64_TO_32_BIT_CONVERSION = YES;
				GCC_WARN_ABOUT_RETURN_TYPE = YES_ERROR;
				GCC_WARN_UNDECLARED_SELECTOR = YES;
				GCC_WARN_UNINITIALIZED_AUTOS = YES_AGGRESSIVE;
				GCC_WARN_UNUSED_FUNCTION = YES;
				GCC_WARN_UNUSED_VARIABLE = YES;
				IPHONEOS_DEPLOYMENT_TARGET = 7.1;
				SDKROOT = iphoneos;
				TARGETED_DEVICE_FAMILY = 2;
				VALIDATE_PRODUCT = YES;
			};
			name = Release;
		};
		AE05C94518D10DC400C60920 /* Debug */ = {
			isa = XCBuildConfiguration;
			buildSettings = {
				ASSETCATALOG_COMPILER_APPICON_NAME = AppIcon;
				ASSETCATALOG_COMPILER_LAUNCHIMAGE_NAME = LaunchImage;
				GCC_PRECOMPILE_PREFIX_HEADER = YES;
				GCC_PREFIX_HEADER = "KStockData/KStockData-Prefix.pch";
				INFOPLIST_FILE = "KStockData/KStockData-Info.plist";
				PRODUCT_NAME = "$(TARGET_NAME)";
				WRAPPER_EXTENSION = app;
			};
			name = Debug;
		};
		AE05C94618D10DC400C60920 /* Release */ = {
			isa = XCBuildConfiguration;
			buildSettings = {
				ASSETCATALOG_COMPILER_APPICON_NAME = AppIcon;
				ASSETCATALOG_COMPILER_LAUNCHIMAGE_NAME = LaunchImage;
				GCC_PRECOMPILE_PREFIX_HEADER = YES;
				GCC_PREFIX_HEADER = "KStockData/KStockData-Prefix.pch";
				INFOPLIST_FILE = "KStockData/KStockData-Info.plist";
				PRODUCT_NAME = "$(TARGET_NAME)";
				WRAPPER_EXTENSION = app;
			};
			name = Release;
		};
		AE05C94818D10DC400C60920 /* Debug */ = {
			isa = XCBuildConfiguration;
			buildSettings = {
				BUNDLE_LOADER = "$(BUILT_PRODUCTS_DIR)/KStockData.app/KStockData";
				FRAMEWORK_SEARCH_PATHS = (
					"$(SDKROOT)/Developer/Library/Frameworks",
					"$(inherited)",
					"$(DEVELOPER_FRAMEWORKS_DIR)",
				);
				GCC_PRECOMPILE_PREFIX_HEADER = YES;
				GCC_PREFIX_HEADER = "KStockData/KStockData-Prefix.pch";
				GCC_PREPROCESSOR_DEFINITIONS = (
					"DEBUG=1",
					"$(inherited)",
				);
				INFOPLIST_FILE = "KStockDataTests/KStockDataTests-Info.plist";
				PRODUCT_NAME = "$(TARGET_NAME)";
				TEST_HOST = "$(BUNDLE_LOADER)";
				WRAPPER_EXTENSION = xctest;
			};
			name = Debug;
		};
		AE05C94918D10DC400C60920 /* Release */ = {
			isa = XCBuildConfiguration;
			buildSettings = {
				BUNDLE_LOADER = "$(BUILT_PRODUCTS_DIR)/KStockData.app/KStockData";
				FRAMEWORK_SEARCH_PATHS = (
					"$(SDKROOT)/Developer/Library/Frameworks",
					"$(inherited)",
					"$(DEVELOPER_FRAMEWORKS_DIR)",
				);
				GCC_PRECOMPILE_PREFIX_HEADER = YES;
				GCC_PREFIX_HEADER = "KStockData/KStockData-Prefix.pch";
				INFOPLIST_FILE = "KStockDataTests/KStockDataTests-Info.plist";
				PRODUCT_NAME = "$(TARGET_NAME)";
				TEST_HOST = "$(BUNDLE_LOADER)";
				WRAPPER_EXTENSION = xctest;
			};
			name = Release;
		};
/* End XCBuildConfiguration section */

/* Begin XCConfigurationList section */
		AE05C90418D10DC400C60920 /* Build configuration list for PBXProject "KStockData" */ = {
			isa = XCConfigurationList;
			buildConfigurations = (
				AE05C94218D10DC400C60920 /* Debug */,
				AE05C94318D10DC400C60920 /* Release */,
			);
			defaultConfigurationIsVisible = 0;
			defaultConfigurationName = Release;
		};
		AE05C94418D10DC400C60920 /* Build configuration list for PBXNativeTarget "KStockData" */ = {
			isa = XCConfigurationList;
			buildConfigurations = (
				AE05C94518D10DC400C60920 /* Debug */,
				AE05C94618D10DC400C60920 /* Release */,
			);
			defaultConfigurationIsVisible = 0;
			defaultConfigurationName = Release;
		};
		AE05C94718D10DC400C60920 /* Build configuration list for PBXNativeTarget "KStockDataTests" */ = {
			isa = XCConfigurationList;
			buildConfigurations = (
				AE05C94818D10DC400C60920 /* Debug */,
				AE05C94918D10DC400C60920 /* Release */,
			);
			defaultConfigurationIsVisible = 0;
			defaultConfigurationName = Release;
		};
/* End XCConfigurationList section */

/* Begin XCVersionGroup section */
		AE05C92318D10DC400C60920 /* KStockData.xcdatamodeld */ = {
			isa = XCVersionGroup;
			children = (
				AE05C92418D10DC400C60920 /* KStockData.xcdatamodel */,
			);
			currentVersion = AE05C92418D10DC400C60920 /* KStockData.xcdatamodel */;
			path = KStockData.xcdatamodeld;
			sourceTree = "<group>";
			versionGroupType = wrapper.xcdatamodel;
		};
/* End XCVersionGroup section */
	};
	rootObject = AE05C90118D10DC400C60920 /* Project object */;
}
